
Microsoft Visual Studio Solution File, Format Version 12.00
# Visual Studio 15
VisualStudioVersion = 15.0.28307.645
MinimumVisualStudioVersion = 10.0.40219.1
Project("{FAE04EC0-301F-11D3-BF4B-00C04F79EFBC}") = "OS", "OS\OS.csproj", "{A8B14DE3-969B-4F58-8740-6C25EFCEF08D}"
EndProject
Global
	GlobalSection(SolutionConfigurationPlatforms) = preSolution
		Debug|Any CPU = Debug|Any CPU
		Release|Any CPU = Release|Any CPU
	EndGlobalSection
	GlobalSection(ProjectConfigurationPlatforms) = postSolution
		{A8B14DE3-969B-4F58-8740-6C25EFCEF08D}.Debug|Any CPU.ActiveCfg = Debug|Any CPU
		{A8B14DE3-969B-4F58-8740-6C25EFCEF08D}.Debug|Any CPU.Build.0 = Debug|Any CPU
		{A8B14DE3-969B-4F58-8740-6C25EFCEF08D}.Release|Any CPU.ActiveCfg = Release|Any CPU
		{A8B14DE3-969B-4F58-8740-6C25EFCEF08D}.Release|Any CPU.Build.0 = Release|Any CPU
	EndGlobalSection
	GlobalSection(SolutionProperties) = preSolution
		HideSolutionNode = FALSE
	EndGlobalSection
	GlobalSection(ExtensibilityGlobals) = postSolution
		SolutionGuid = {5BE84515-5AC5-4E3D-90FA-2BD3FF843C8D}
	EndGlobalSection
EndGlobal
